
Microsoft Visual Studio Solution File, Format Version 12.00
# Visual Studio 14
VisualStudioVersion = 14.0.25420.1
MinimumVisualStudioVersion = 10.0.40219.1
Project("{FAE04EC0-301F-11D3-BF4B-00C04F79EFBC}") = "21_WCF_Library", "21_WCF_Library\21_WCF_Library.csproj", "{A7657AD9-DEC9-4CF7-BA0F-5532634B1969}"
EndProject
Project("{FAE04EC0-301F-11D3-BF4B-00C04F79EFBC}") = "21_WCF_Assignment_SelfHosting", "21_WCF_Assignment_SelfHosting\21_WCF_Assignment_SelfHosting.csproj", "{B0809FD4-1989-498B-951E-B32CD390165B}"
EndProject
Global
	GlobalSection(SolutionConfigurationPlatforms) = preSolution
		Debug|Any CPU = Debug|Any CPU
		Release|Any CPU = Release|Any CPU
	EndGlobalSection
	GlobalSection(ProjectConfigurationPlatforms) = postSolution
		{A7657AD9-DEC9-4CF7-BA0F-5532634B1969}.Debug|Any CPU.ActiveCfg = Debug|Any CPU
		{A7657AD9-DEC9-4CF7-BA0F-5532634B1969}.Debug|Any CPU.Build.0 = Debug|Any CPU
		{A7657AD9-DEC9-4CF7-BA0F-5532634B1969}.Release|Any CPU.ActiveCfg = Release|Any CPU
		{A7657AD9-DEC9-4CF7-BA0F-5532634B1969}.Release|Any CPU.Build.0 = Release|Any CPU
		{B0809FD4-1989-498B-951E-B32CD390165B}.Debug|Any CPU.ActiveCfg = Debug|Any CPU
		{B0809FD4-1989-498B-951E-B32CD390165B}.Debug|Any CPU.Build.0 = Debug|Any CPU
		{B0809FD4-1989-498B-951E-B32CD390165B}.Release|Any CPU.ActiveCfg = Release|Any CPU
		{B0809FD4-1989-498B-951E-B32CD390165B}.Release|Any CPU.Build.0 = Release|Any CPU
	EndGlobalSection
	GlobalSection(SolutionProperties) = preSolution
		HideSolutionNode = FALSE
	EndGlobalSection
EndGlobal
