
Microsoft Visual Studio Solution File, Format Version 12.00
# Visual Studio 14
VisualStudioVersion = 14.0.25420.1
MinimumVisualStudioVersion = 10.0.40219.1
Project("{FAE04EC0-301F-11D3-BF4B-00C04F79EFBC}") = "21_Assignment_task2", "21_Assignment_task2\21_Assignment_task2.csproj", "{27263DB3-503F-4690-B105-B00AAC3111D3}"
EndProject
Global
	GlobalSection(SolutionConfigurationPlatforms) = preSolution
		Debug|Any CPU = Debug|Any CPU
		Release|Any CPU = Release|Any CPU
	EndGlobalSection
	GlobalSection(ProjectConfigurationPlatforms) = postSolution
		{27263DB3-503F-4690-B105-B00AAC3111D3}.Debug|Any CPU.ActiveCfg = Debug|Any CPU
		{27263DB3-503F-4690-B105-B00AAC3111D3}.Debug|Any CPU.Build.0 = Debug|Any CPU
		{27263DB3-503F-4690-B105-B00AAC3111D3}.Release|Any CPU.ActiveCfg = Release|Any CPU
		{27263DB3-503F-4690-B105-B00AAC3111D3}.Release|Any CPU.Build.0 = Release|Any CPU
	EndGlobalSection
	GlobalSection(SolutionProperties) = preSolution
		HideSolutionNode = FALSE
	EndGlobalSection
EndGlobal
